
Microsoft Visual Studio Solution File, Format Version 12.00
# Visual Studio Version 17
VisualStudioVersion = 17.13.35931.197
MinimumVisualStudioVersion = 10.0.40219.1
Project("{FAE04EC0-301F-11D3-BF4B-00C04F79EFBC}") = "RecipeShare.API", "RecipeShare.API.csproj", "{F7167CEB-0530-479D-A35E-320B55EDD92C}"
EndProject
Project("{FAE04EC0-301F-11D3-BF4B-00C04F79EFBC}") = "RecipeShare.Test", "..\RecipeShare.Test\RecipeShare.Test.csproj", "{C7E2B848-0CBF-4CD6-8F2D-9593B2E6AE4B}"
EndProject
Project("{FAE04EC0-301F-11D3-BF4B-00C04F79EFBC}") = "RecipeShare.Util", "..\RecipeShare.Util\RecipeShare.Util.csproj", "{4BBC64B8-47FD-436B-B476-A687DD899EA7}"
EndProject
Project("{54A90642-561A-4BB1-A94E-469ADEE60C69}") = "frontend", "..\frontend\frontend.esproj", "{349EC62A-85E3-C852-F5FF-E97A8E3AB0F5}"
EndProject
Project("{FAE04EC0-301F-11D3-BF4B-00C04F79EFBC}") = "RecipeShare.Benchy", "..\RecipeShare.Benchy\RecipeShare.Benchy.csproj", "{6115FDFE-8503-41D3-AB64-2A4BD7A25904}"
EndProject
Global
	GlobalSection(SolutionConfigurationPlatforms) = preSolution
		Debug|Any CPU = Debug|Any CPU
		Release|Any CPU = Release|Any CPU
	EndGlobalSection
	GlobalSection(ProjectConfigurationPlatforms) = postSolution
		{F7167CEB-0530-479D-A35E-320B55EDD92C}.Debug|Any CPU.ActiveCfg = Debug|Any CPU
		{F7167CEB-0530-479D-A35E-320B55EDD92C}.Debug|Any CPU.Build.0 = Debug|Any CPU
		{F7167CEB-0530-479D-A35E-320B55EDD92C}.Release|Any CPU.ActiveCfg = Release|Any CPU
		{F7167CEB-0530-479D-A35E-320B55EDD92C}.Release|Any CPU.Build.0 = Release|Any CPU
		{C7E2B848-0CBF-4CD6-8F2D-9593B2E6AE4B}.Debug|Any CPU.ActiveCfg = Debug|Any CPU
		{C7E2B848-0CBF-4CD6-8F2D-9593B2E6AE4B}.Debug|Any CPU.Build.0 = Debug|Any CPU
		{C7E2B848-0CBF-4CD6-8F2D-9593B2E6AE4B}.Release|Any CPU.ActiveCfg = Release|Any CPU
		{C7E2B848-0CBF-4CD6-8F2D-9593B2E6AE4B}.Release|Any CPU.Build.0 = Release|Any CPU
		{4BBC64B8-47FD-436B-B476-A687DD899EA7}.Debug|Any CPU.ActiveCfg = Debug|Any CPU
		{4BBC64B8-47FD-436B-B476-A687DD899EA7}.Debug|Any CPU.Build.0 = Debug|Any CPU
		{4BBC64B8-47FD-436B-B476-A687DD899EA7}.Release|Any CPU.ActiveCfg = Release|Any CPU
		{4BBC64B8-47FD-436B-B476-A687DD899EA7}.Release|Any CPU.Build.0 = Release|Any CPU
		{349EC62A-85E3-C852-F5FF-E97A8E3AB0F5}.Debug|Any CPU.ActiveCfg = Debug|Any CPU
		{349EC62A-85E3-C852-F5FF-E97A8E3AB0F5}.Debug|Any CPU.Build.0 = Debug|Any CPU
		{349EC62A-85E3-C852-F5FF-E97A8E3AB0F5}.Debug|Any CPU.Deploy.0 = Debug|Any CPU
		{349EC62A-85E3-C852-F5FF-E97A8E3AB0F5}.Release|Any CPU.ActiveCfg = Release|Any CPU
		{349EC62A-85E3-C852-F5FF-E97A8E3AB0F5}.Release|Any CPU.Build.0 = Release|Any CPU
		{349EC62A-85E3-C852-F5FF-E97A8E3AB0F5}.Release|Any CPU.Deploy.0 = Release|Any CPU
		{6115FDFE-8503-41D3-AB64-2A4BD7A25904}.Debug|Any CPU.ActiveCfg = Debug|Any CPU
		{6115FDFE-8503-41D3-AB64-2A4BD7A25904}.Debug|Any CPU.Build.0 = Debug|Any CPU
		{6115FDFE-8503-41D3-AB64-2A4BD7A25904}.Release|Any CPU.ActiveCfg = Release|Any CPU
		{6115FDFE-8503-41D3-AB64-2A4BD7A25904}.Release|Any CPU.Build.0 = Release|Any CPU
	EndGlobalSection
	GlobalSection(SolutionProperties) = preSolution
		HideSolutionNode = FALSE
	EndGlobalSection
	GlobalSection(ExtensibilityGlobals) = postSolution
		SolutionGuid = {89356F01-A744-49F0-A246-9A062877DBE7}
	EndGlobalSection
EndGlobal
